<?xml version="1.0" encoding="utf-8"?>
<Project ToolsVersion="4.0" xmlns="http://schemas.microsoft.com/developer/msbuild/2003">
  <ItemGroup>
    <Filter Include="Source Files">
      <UniqueIdentifier>{4FC737F1-C7A5-4376-A066-2A32D752A2FF}</UniqueIdentifier>
      <Extensions>cpp;c;cc;cxx;def;odl;idl;hpj;bat;asm;asmx</Extensions>
    </Filter>
    <Filter Include="Header Files">
      <UniqueIdentifier>{93995380-89BD-4b04-88EB-625FBE52EBFB}</UniqueIdentifier>
      <Extensions>h;hh;hpp;hxx;hm;inl;inc;xsd</Extensions>
    </Filter>
    <Filter Include="Resource Files">
      <UniqueIdentifier>{67DA6AB6-F800-4c08-8B7A-83BB121AAD01}</UniqueIdentifier>
      <Extensions>rc;ico;cur;bmp;dlg;rc2;rct;bin;rgs;gif;jpg;jpeg;jpe;resx;tiff;tif;png;wav;mfcribbon-ms</Extensions>
    </Filter>
    <Filter Include="Header Files\AI">
      <UniqueIdentifier>{9c8d59ff-01e5-47da-841a-9a7a36dcec46}</UniqueIdentifier>
    </Filter>
    <Filter Include="Source Files\AI">
      <UniqueIdentifier>{29fa7b78-a1d4-4c78-bf14-e12807760c93}</UniqueIdentifier>
    </Filter>
    <Filter Include="Header Files\Debug">
      <UniqueIdentifier>{538053b7-09d1-4beb-b7f6-fba78c7c2b0c}</UniqueIdentifier>
    </Filter>
    <Filter Include="Source Files\Debug">
      <UniqueIdentifier>{0de4a6cb-2fb8-41dc-bbcf-a6fd2aa88a3d}</UniqueIdentifier>
    </Filter>
    <Filter Include="Header Files\Mesh Generation">
      <UniqueIdentifier>{3ac4296c-9c03-45d7-8b1b-501df8973fc2}</UniqueIdentifier>
    </Filter>
    <Filter Include="Source Files\Mesh Generation">
      <UniqueIdentifier>{e332959d-bb77-413b-bb9c-64fb3c789b8c}</UniqueIdentifier>
    </Filter>
  </ItemGroup>
  <ItemGroup>
    <ClCompile Include="App1.cpp">
      <Filter>Source Files</Filter>
    </ClCompile>
    <ClCompile Include="Main.cpp">
      <Filter>Source Files</Filter>
    </ClCompile>
    <ClCompile Include="ParameterSet.cpp">
      <Filter>Source Files\AI</Filter>
    </ClCompile>
    <ClCompile Include="AICore.cpp">
      <Filter>Source Files\AI</Filter>
    </ClCompile>
    <ClCompile Include="DebugEventSystem.cpp">
      <Filter>Source Files\Debug</Filter>
    </ClCompile>
    <ClCompile Include="DnDProfile.cpp">
      <Filter>Source Files\Debug</Filter>
    </ClCompile>
    <ClCompile Include="LightShader.cpp">
      <Filter>Source Files</Filter>
    </ClCompile>
    <ClCompile Include="HiltMeshGenerator.cpp">
      <Filter>Source Files\Mesh Generation</Filter>
    </ClCompile>
    <ClCompile Include="HighPolyDeformMesh.cpp">
      <Filter>Source Files\Mesh Generation</Filter>
    </ClCompile>
    <ClCompile Include="HiltWrapMesh.cpp">
      <Filter>Source Files</Filter>
    </ClCompile>
  </ItemGroup>
  <ItemGroup>
    <ClInclude Include="App1.h">
      <Filter>Header Files</Filter>
    </ClInclude>
    <ClInclude Include="ParameterSet.h">
      <Filter>Header Files\AI</Filter>
    </ClInclude>
    <ClInclude Include="AICore.h">
      <Filter>Header Files\AI</Filter>
    </ClInclude>
    <ClInclude Include="DebugEventSystem.h">
      <Filter>Header Files\Debug</Filter>
    </ClInclude>
    <ClInclude Include="DnDProfile.h">
      <Filter>Header Files\Debug</Filter>
    </ClInclude>
    <ClInclude Include="LightShader.h">
      <Filter>Header Files</Filter>
    </ClInclude>
    <ClInclude Include="HiltMeshGenerator.h">
      <Filter>Header Files\Mesh Generation</Filter>
    </ClInclude>
    <ClInclude Include="HighPolyDeformMesh.h">
      <Filter>Header Files\Mesh Generation</Filter>
    </ClInclude>
    <ClInclude Include="HiltWrapMesh.h">
      <Filter>Header Files</Filter>
    </ClInclude>
  </ItemGroup>
  <ItemGroup>
    <FxCompile Include="shaders\light_ps.hlsl" />
    <FxCompile Include="shaders\light_vs.hlsl" />
  </ItemGroup>
</Project>